
Microsoft Visual Studio Solution File, Format Version 12.00
# Visual Studio 15
VisualStudioVersion = 15.0.28010.2019
MinimumVisualStudioVersion = 10.0.40219.1
Project("{8BC9CEB8-8B4A-11D0-8D11-00A0C91BC942}") = "SDL_Template32", "SDL_Template32\SDL_Template32.vcxproj", "{64BE6E7B-98BC-41E3-8328-15DE9D0097C0}"
EndProject
Global
	GlobalSection(SolutionConfigurationPlatforms) = preSolution
		Debug|x64 = Debug|x64
		Debug|x86 = Debug|x86
		Release|x64 = Release|x64
		Release|x86 = Release|x86
	EndGlobalSection
	GlobalSection(ProjectConfigurationPlatforms) = postSolution
		{64BE6E7B-98BC-41E3-8328-15DE9D0097C0}.Debug|x64.ActiveCfg = Debug|x64
		{64BE6E7B-98BC-41E3-8328-15DE9D0097C0}.Debug|x64.Build.0 = Debug|x64
		{64BE6E7B-98BC-41E3-8328-15DE9D0097C0}.Debug|x86.ActiveCfg = Debug|Win32
		{64BE6E7B-98BC-41E3-8328-15DE9D0097C0}.Debug|x86.Build.0 = Debug|Win32
		{64BE6E7B-98BC-41E3-8328-15DE9D0097C0}.Release|x64.ActiveCfg = Release|x64
		{64BE6E7B-98BC-41E3-8328-15DE9D0097C0}.Release|x64.Build.0 = Release|x64
		{64BE6E7B-98BC-41E3-8328-15DE9D0097C0}.Release|x86.ActiveCfg = Release|Win32
		{64BE6E7B-98BC-41E3-8328-15DE9D0097C0}.Release|x86.Build.0 = Release|Win32
	EndGlobalSection
	GlobalSection(SolutionProperties) = preSolution
		HideSolutionNode = FALSE
	EndGlobalSection
	GlobalSection(ExtensibilityGlobals) = postSolution
		SolutionGuid = {C4124B4C-ABB3-478F-BD18-79C8AB5B47B7}
	EndGlobalSection
EndGlobal
